
Microsoft Visual Studio Solution File, Format Version 12.00
# Visual Studio Version 17
VisualStudioVersion = 17.12.35527.113 d17.12
MinimumVisualStudioVersion = 10.0.40219.1
Project("{FAE04EC0-301F-11D3-BF4B-00C04F79EFBC}") = "HospitalAppointmentShedule.Server", "HospitalAppointmentShedule.Server\HospitalAppointmentShedule.Server.csproj", "{B2DC6C7F-D64E-47F0-8B02-3ED739609DDD}"
EndProject
Project("{FAE04EC0-301F-11D3-BF4B-00C04F79EFBC}") = "HospitalAppointmentShedule.Infrastructure", "HospitalAppointmentShedule.Infrastructure\HospitalAppointmentShedule.Infrastructure.csproj", "{1D990102-8332-45BD-837C-F1D5216BBF81}"
EndProject
Project("{FAE04EC0-301F-11D3-BF4B-00C04F79EFBC}") = "HospitalAppointmentShedule.Domain", "HospitalAppointmentShedule.Domain\HospitalAppointmentShedule.Domain.csproj", "{543475C8-871B-4DFA-B917-BE5DF28BE64D}"
EndProject
Project("{FAE04EC0-301F-11D3-BF4B-00C04F79EFBC}") = "HospitalAppointmentShedule.Services", "HospitalAppointmentShedule.Services\HospitalAppointmentShedule.Services.csproj", "{20E13197-124B-4243-9765-0D88B359B13B}"
EndProject
Global
	GlobalSection(SolutionConfigurationPlatforms) = preSolution
		Debug|Any CPU = Debug|Any CPU
		Release|Any CPU = Release|Any CPU
	EndGlobalSection
	GlobalSection(ProjectConfigurationPlatforms) = postSolution
		{B2DC6C7F-D64E-47F0-8B02-3ED739609DDD}.Debug|Any CPU.ActiveCfg = Debug|Any CPU
		{B2DC6C7F-D64E-47F0-8B02-3ED739609DDD}.Debug|Any CPU.Build.0 = Debug|Any CPU
		{B2DC6C7F-D64E-47F0-8B02-3ED739609DDD}.Release|Any CPU.ActiveCfg = Release|Any CPU
		{B2DC6C7F-D64E-47F0-8B02-3ED739609DDD}.Release|Any CPU.Build.0 = Release|Any CPU
		{1D990102-8332-45BD-837C-F1D5216BBF81}.Debug|Any CPU.ActiveCfg = Debug|Any CPU
		{1D990102-8332-45BD-837C-F1D5216BBF81}.Debug|Any CPU.Build.0 = Debug|Any CPU
		{1D990102-8332-45BD-837C-F1D5216BBF81}.Release|Any CPU.ActiveCfg = Release|Any CPU
		{1D990102-8332-45BD-837C-F1D5216BBF81}.Release|Any CPU.Build.0 = Release|Any CPU
		{543475C8-871B-4DFA-B917-BE5DF28BE64D}.Debug|Any CPU.ActiveCfg = Debug|Any CPU
		{543475C8-871B-4DFA-B917-BE5DF28BE64D}.Debug|Any CPU.Build.0 = Debug|Any CPU
		{543475C8-871B-4DFA-B917-BE5DF28BE64D}.Release|Any CPU.ActiveCfg = Release|Any CPU
		{543475C8-871B-4DFA-B917-BE5DF28BE64D}.Release|Any CPU.Build.0 = Release|Any CPU
		{20E13197-124B-4243-9765-0D88B359B13B}.Debug|Any CPU.ActiveCfg = Debug|Any CPU
		{20E13197-124B-4243-9765-0D88B359B13B}.Debug|Any CPU.Build.0 = Debug|Any CPU
		{20E13197-124B-4243-9765-0D88B359B13B}.Release|Any CPU.ActiveCfg = Release|Any CPU
		{20E13197-124B-4243-9765-0D88B359B13B}.Release|Any CPU.Build.0 = Release|Any CPU
	EndGlobalSection
	GlobalSection(SolutionProperties) = preSolution
		HideSolutionNode = FALSE
	EndGlobalSection
EndGlobal
